// !$*UTF8*$!
{
	archiveVersion = 1;
	classes = {
	};
	objectVersion = 50;
	objects = {

/* Begin PBXBuildFile section */
		15F134F621FDB23400BDA0C0 /* AppDelegate.swift in Sources */ = {isa = PBXBuildFile; fileRef = 15F134F521FDB23400BDA0C0 /* AppDelegate.swift */; };
		15F134F821FDB23400BDA0C0 /* ViewController.swift in Sources */ = {isa = PBXBuildFile; fileRef = 15F134F721FDB23400BDA0C0 /* ViewController.swift */; };
		15F134FB21FDB23400BDA0C0 /* Main.storyboard in Resources */ = {isa = PBXBuildFile; fileRef = 15F134F921FDB23400BDA0C0 /* Main.storyboard */; };
		15F134FE21FDB23400BDA0C0 /* WatchkitBootcamp.xcdatamodeld in Sources */ = {isa = PBXBuildFile; fileRef = 15F134FC21FDB23400BDA0C0 /* WatchkitBootcamp.xcdatamodeld */; };
		15F1350021FDB23400BDA0C0 /* Assets.xcassets in Resources */ = {isa = PBXBuildFile; fileRef = 15F134FF21FDB23400BDA0C0 /* Assets.xcassets */; };
		15F1350321FDB23400BDA0C0 /* LaunchScreen.storyboard in Resources */ = {isa = PBXBuildFile; fileRef = 15F1350121FDB23400BDA0C0 /* LaunchScreen.storyboard */; };
		15F1350E21FDB23400BDA0C0 /* WatchkitBootcampTests.swift in Sources */ = {isa = PBXBuildFile; fileRef = 15F1350D21FDB23400BDA0C0 /* WatchkitBootcampTests.swift */; };
		15F1351921FDB23400BDA0C0 /* WatchkitBootcampUITests.swift in Sources */ = {isa = PBXBuildFile; fileRef = 15F1351821FDB23400BDA0C0 /* WatchkitBootcampUITests.swift */; };
		15F1352C21FDB86B00BDA0C0 /* Interface.storyboard in Resources */ = {isa = PBXBuildFile; fileRef = 15F1352A21FDB86B00BDA0C0 /* Interface.storyboard */; };
		15F1352E21FDB86C00BDA0C0 /* Assets.xcassets in Resources */ = {isa = PBXBuildFile; fileRef = 15F1352D21FDB86C00BDA0C0 /* Assets.xcassets */; };
		15F1353521FDB86C00BDA0C0 /* Bootcamp Extension.appex in Embed App Extensions */ = {isa = PBXBuildFile; fileRef = 15F1353421FDB86C00BDA0C0 /* Bootcamp Extension.appex */; settings = {ATTRIBUTES = (RemoveHeadersOnCopy, ); }; };
		15F1353A21FDB86C00BDA0C0 /* InterfaceController.swift in Sources */ = {isa = PBXBuildFile; fileRef = 15F1353921FDB86C00BDA0C0 /* InterfaceController.swift */; };
		15F1353C21FDB86C00BDA0C0 /* ExtensionDelegate.swift in Sources */ = {isa = PBXBuildFile; fileRef = 15F1353B21FDB86C00BDA0C0 /* ExtensionDelegate.swift */; };
		15F1353E21FDB86C00BDA0C0 /* Assets.xcassets in Resources */ = {isa = PBXBuildFile; fileRef = 15F1353D21FDB86C00BDA0C0 /* Assets.xcassets */; };
		15F1354221FDB86C00BDA0C0 /* Bootcamp.app in Embed Watch Content */ = {isa = PBXBuildFile; fileRef = 15F1352821FDB86B00BDA0C0 /* Bootcamp.app */; };
		15F1355221FDC2F700BDA0C0 /* DetailedInterfaceController.swift in Sources */ = {isa = PBXBuildFile; fileRef = 15F1355121FDC2F700BDA0C0 /* DetailedInterfaceController.swift */; };
		15F1355421FDC7BB00BDA0C0 /* CountryRow.swift in Sources */ = {isa = PBXBuildFile; fileRef = 15F1355321FDC7BB00BDA0C0 /* CountryRow.swift */; };
/* End PBXBuildFile section */

/* Begin PBXContainerItemProxy section */
		15F1350A21FDB23400BDA0C0 /* PBXContainerItemProxy */ = {
			isa = PBXContainerItemProxy;
			containerPortal = 15F134EA21FDB23400BDA0C0 /* Project object */;
			proxyType = 1;
			remoteGlobalIDString = 15F134F121FDB23400BDA0C0;
			remoteInfo = WatchkitBootcamp;
		};
		15F1351521FDB23400BDA0C0 /* PBXContainerItemProxy */ = {
			isa = PBXContainerItemProxy;
			containerPortal = 15F134EA21FDB23400BDA0C0 /* Project object */;
			proxyType = 1;
			remoteGlobalIDString = 15F134F121FDB23400BDA0C0;
			remoteInfo = WatchkitBootcamp;
		};
		15F1353621FDB86C00BDA0C0 /* PBXContainerItemProxy */ = {
			isa = PBXContainerItemProxy;
			containerPortal = 15F134EA21FDB23400BDA0C0 /* Project object */;
			proxyType = 1;
			remoteGlobalIDString = 15F1353321FDB86C00BDA0C0;
			remoteInfo = "Bootcamp Extension";
		};
		15F1354021FDB86C00BDA0C0 /* PBXContainerItemProxy */ = {
			isa = PBXContainerItemProxy;
			containerPortal = 15F134EA21FDB23400BDA0C0 /* Project object */;
			proxyType = 1;
			remoteGlobalIDString = 15F1352721FDB86B00BDA0C0;
			remoteInfo = Bootcamp;
		};
/* End PBXContainerItemProxy section */

/* Begin PBXCopyFilesBuildPhase section */
		15F1354621FDB86C00BDA0C0 /* Embed App Extensions */ = {
			isa = PBXCopyFilesBuildPhase;
			buildActionMask = 2147483647;
			dstPath = "";
			dstSubfolderSpec = 13;
			files = (
				15F1353521FDB86C00BDA0C0 /* Bootcamp Extension.appex in Embed App Extensions */,
			);
			name = "Embed App Extensions";
			runOnlyForDeploymentPostprocessing = 0;
		};
		15F1354A21FDB86C00BDA0C0 /* Embed Watch Content */ = {
			isa = PBXCopyFilesBuildPhase;
			buildActionMask = 2147483647;
			dstPath = "$(CONTENTS_FOLDER_PATH)/Watch";
			dstSubfolderSpec = 16;
			files = (
				15F1354221FDB86C00BDA0C0 /* Bootcamp.app in Embed Watch Content */,
			);
			name = "Embed Watch Content";
			runOnlyForDeploymentPostprocessing = 0;
		};
/* End PBXCopyFilesBuildPhase section */

/* Begin PBXFileReference section */
		15F134F221FDB23400BDA0C0 /* WatchkitBootcamp.app */ = {isa = PBXFileReference; explicitFileType = wrapper.application; includeInIndex = 0; path = WatchkitBootcamp.app; sourceTree = BUILT_PRODUCTS_DIR; };
		15F134F521FDB23400BDA0C0 /* AppDelegate.swift */ = {isa = PBXFileReference; lastKnownFileType = sourcecode.swift; path = AppDelegate.swift; sourceTree = "<group>"; };
		15F134F721FDB23400BDA0C0 /* ViewController.swift */ = {isa = PBXFileReference; lastKnownFileType = sourcecode.swift; path = ViewController.swift; sourceTree = "<group>"; };
		15F134FA21FDB23400BDA0C0 /* Base */ = {isa = PBXFileReference; lastKnownFileType = file.storyboard; name = Base; path = Base.lproj/Main.storyboard; sourceTree = "<group>"; };
		15F134FD21FDB23400BDA0C0 /* WatchkitBootcamp.xcdatamodel */ = {isa = PBXFileReference; lastKnownFileType = wrapper.xcdatamodel; path = WatchkitBootcamp.xcdatamodel; sourceTree = "<group>"; };
		15F134FF21FDB23400BDA0C0 /* Assets.xcassets */ = {isa = PBXFileReference; lastKnownFileType = folder.assetcatalog; path = Assets.xcassets; sourceTree = "<group>"; };
		15F1350221FDB23400BDA0C0 /* Base */ = {isa = PBXFileReference; lastKnownFileType = file.storyboard; name = Base; path = Base.lproj/LaunchScreen.storyboard; sourceTree = "<group>"; };
		15F1350421FDB23400BDA0C0 /* Info.plist */ = {isa = PBXFileReference; lastKnownFileType = text.plist.xml; path = Info.plist; sourceTree = "<group>"; };
		15F1350921FDB23400BDA0C0 /* WatchkitBootcampTests.xctest */ = {isa = PBXFileReference; explicitFileType = wrapper.cfbundle; includeInIndex = 0; path = WatchkitBootcampTests.xctest; sourceTree = BUILT_PRODUCTS_DIR; };
		15F1350D21FDB23400BDA0C0 /* WatchkitBootcampTests.swift */ = {isa = PBXFileReference; lastKnownFileType = sourcecode.swift; path = WatchkitBootcampTests.swift; sourceTree = "<group>"; };
		15F1350F21FDB23400BDA0C0 /* Info.plist */ = {isa = PBXFileReference; lastKnownFileType = text.plist.xml; path = Info.plist; sourceTree = "<group>"; };
		15F1351421FDB23400BDA0C0 /* WatchkitBootcampUITests.xctest */ = {isa = PBXFileReference; explicitFileType = wrapper.cfbundle; includeInIndex = 0; path = WatchkitBootcampUITests.xctest; sourceTree = BUILT_PRODUCTS_DIR; };
		15F1351821FDB23400BDA0C0 /* WatchkitBootcampUITests.swift */ = {isa = PBXFileReference; lastKnownFileType = sourcecode.swift; path = WatchkitBootcampUITests.swift; sourceTree = "<group>"; };
		15F1351A21FDB23400BDA0C0 /* Info.plist */ = {isa = PBXFileReference; lastKnownFileType = text.plist.xml; path = Info.plist; sourceTree = "<group>"; };
		15F1352821FDB86B00BDA0C0 /* Bootcamp.app */ = {isa = PBXFileReference; explicitFileType = wrapper.application; includeInIndex = 0; path = Bootcamp.app; sourceTree = BUILT_PRODUCTS_DIR; };
		15F1352B21FDB86B00BDA0C0 /* Base */ = {isa = PBXFileReference; lastKnownFileType = file.storyboard; name = Base; path = Base.lproj/Interface.storyboard; sourceTree = "<group>"; };
		15F1352D21FDB86C00BDA0C0 /* Assets.xcassets */ = {isa = PBXFileReference; lastKnownFileType = folder.assetcatalog; path = Assets.xcassets; sourceTree = "<group>"; };
		15F1352F21FDB86C00BDA0C0 /* Info.plist */ = {isa = PBXFileReference; lastKnownFileType = text.plist.xml; path = Info.plist; sourceTree = "<group>"; };
		15F1353421FDB86C00BDA0C0 /* Bootcamp Extension.appex */ = {isa = PBXFileReference; explicitFileType = "wrapper.app-extension"; includeInIndex = 0; path = "Bootcamp Extension.appex"; sourceTree = BUILT_PRODUCTS_DIR; };
		15F1353921FDB86C00BDA0C0 /* InterfaceController.swift */ = {isa = PBXFileReference; lastKnownFileType = sourcecode.swift; path = InterfaceController.swift; sourceTree = "<group>"; };
		15F1353B21FDB86C00BDA0C0 /* ExtensionDelegate.swift */ = {isa = PBXFileReference; lastKnownFileType = sourcecode.swift; path = ExtensionDelegate.swift; sourceTree = "<group>"; };
		15F1353D21FDB86C00BDA0C0 /* Assets.xcassets */ = {isa = PBXFileReference; lastKnownFileType = folder.assetcatalog; path = Assets.xcassets; sourceTree = "<group>"; };
		15F1353F21FDB86C00BDA0C0 /* Info.plist */ = {isa = PBXFileReference; lastKnownFileType = text.plist.xml; path = Info.plist; sourceTree = "<group>"; };
		15F1355121FDC2F700BDA0C0 /* DetailedInterfaceController.swift */ = {isa = PBXFileReference; lastKnownFileType = sourcecode.swift; path = DetailedInterfaceController.swift; sourceTree = "<group>"; };
		15F1355321FDC7BB00BDA0C0 /* CountryRow.swift */ = {isa = PBXFileReference; lastKnownFileType = sourcecode.swift; path = CountryRow.swift; sourceTree = "<group>"; };
/* End PBXFileReference section */

/* Begin PBXFrameworksBuildPhase section */
		15F134EF21FDB23400BDA0C0 /* Frameworks */ = {
			isa = PBXFrameworksBuildPhase;
			buildActionMask = 2147483647;
			files = (
			);
			runOnlyForDeploymentPostprocessing = 0;
		};
		15F1350621FDB23400BDA0C0 /* Frameworks */ = {
			isa = PBXFrameworksBuildPhase;
			buildActionMask = 2147483647;
			files = (
			);
			runOnlyForDeploymentPostprocessing = 0;
		};
		15F1351121FDB23400BDA0C0 /* Frameworks */ = {
			isa = PBXFrameworksBuildPhase;
			buildActionMask = 2147483647;
			files = (
			);
			runOnlyForDeploymentPostprocessing = 0;
		};
		15F1353121FDB86C00BDA0C0 /* Frameworks */ = {
			isa = PBXFrameworksBuildPhase;
			buildActionMask = 2147483647;
			files = (
			);
			runOnlyForDeploymentPostprocessing = 0;
		};
/* End PBXFrameworksBuildPhase section */

/* Begin PBXGroup section */
		15F134E921FDB23400BDA0C0 = {
			isa = PBXGroup;
			children = (
				15F134F421FDB23400BDA0C0 /* WatchkitBootcamp */,
				15F1350C21FDB23400BDA0C0 /* WatchkitBootcampTests */,
				15F1351721FDB23400BDA0C0 /* WatchkitBootcampUITests */,
				15F1352921FDB86B00BDA0C0 /* Bootcamp */,
				15F1353821FDB86C00BDA0C0 /* Bootcamp Extension */,
				15F134F321FDB23400BDA0C0 /* Products */,
			);
			sourceTree = "<group>";
		};
		15F134F321FDB23400BDA0C0 /* Products */ = {
			isa = PBXGroup;
			children = (
				15F134F221FDB23400BDA0C0 /* WatchkitBootcamp.app */,
				15F1350921FDB23400BDA0C0 /* WatchkitBootcampTests.xctest */,
				15F1351421FDB23400BDA0C0 /* WatchkitBootcampUITests.xctest */,
				15F1352821FDB86B00BDA0C0 /* Bootcamp.app */,
				15F1353421FDB86C00BDA0C0 /* Bootcamp Extension.appex */,
			);
			name = Products;
			sourceTree = "<group>";
		};
		15F134F421FDB23400BDA0C0 /* WatchkitBootcamp */ = {
			isa = PBXGroup;
			children = (
				15F134F521FDB23400BDA0C0 /* AppDelegate.swift */,
				15F134F721FDB23400BDA0C0 /* ViewController.swift */,
				15F134F921FDB23400BDA0C0 /* Main.storyboard */,
				15F134FF21FDB23400BDA0C0 /* Assets.xcassets */,
				15F1350121FDB23400BDA0C0 /* LaunchScreen.storyboard */,
				15F1350421FDB23400BDA0C0 /* Info.plist */,
				15F134FC21FDB23400BDA0C0 /* WatchkitBootcamp.xcdatamodeld */,
			);
			path = WatchkitBootcamp;
			sourceTree = "<group>";
		};
		15F1350C21FDB23400BDA0C0 /* WatchkitBootcampTests */ = {
			isa = PBXGroup;
			children = (
				15F1350D21FDB23400BDA0C0 /* WatchkitBootcampTests.swift */,
				15F1350F21FDB23400BDA0C0 /* Info.plist */,
			);
			path = WatchkitBootcampTests;
			sourceTree = "<group>";
		};
		15F1351721FDB23400BDA0C0 /* WatchkitBootcampUITests */ = {
			isa = PBXGroup;
			children = (
				15F1351821FDB23400BDA0C0 /* WatchkitBootcampUITests.swift */,
				15F1351A21FDB23400BDA0C0 /* Info.plist */,
			);
			path = WatchkitBootcampUITests;
			sourceTree = "<group>";
		};
		15F1352921FDB86B00BDA0C0 /* Bootcamp */ = {
			isa = PBXGroup;
			children = (
				15F1352A21FDB86B00BDA0C0 /* Interface.storyboard */,
				15F1352D21FDB86C00BDA0C0 /* Assets.xcassets */,
				15F1352F21FDB86C00BDA0C0 /* Info.plist */,
			);
			path = Bootcamp;
			sourceTree = "<group>";
		};
		15F1353821FDB86C00BDA0C0 /* Bootcamp Extension */ = {
			isa = PBXGroup;
			children = (
				15F1353921FDB86C00BDA0C0 /* InterfaceController.swift */,
				15F1355121FDC2F700BDA0C0 /* DetailedInterfaceController.swift */,
				15F1353B21FDB86C00BDA0C0 /* ExtensionDelegate.swift */,
				15F1353D21FDB86C00BDA0C0 /* Assets.xcassets */,
				15F1353F21FDB86C00BDA0C0 /* Info.plist */,
				15F1355321FDC7BB00BDA0C0 /* CountryRow.swift */,
			);
			path = "Bootcamp Extension";
			sourceTree = "<group>";
		};
/* End PBXGroup section */

/* Begin PBXNativeTarget section */
		15F134F121FDB23400BDA0C0 /* WatchkitBootcamp */ = {
			isa = PBXNativeTarget;
			buildConfigurationList = 15F1351D21FDB23400BDA0C0 /* Build configuration list for PBXNativeTarget "WatchkitBootcamp" */;
			buildPhases = (
				15F134EE21FDB23400BDA0C0 /* Sources */,
				15F134EF21FDB23400BDA0C0 /* Frameworks */,
				15F134F021FDB23400BDA0C0 /* Resources */,
				15F1354A21FDB86C00BDA0C0 /* Embed Watch Content */,
			);
			buildRules = (
			);
			dependencies = (
				15F1354121FDB86C00BDA0C0 /* PBXTargetDependency */,
			);
			name = WatchkitBootcamp;
			productName = WatchkitBootcamp;
			productReference = 15F134F221FDB23400BDA0C0 /* WatchkitBootcamp.app */;
			productType = "com.apple.product-type.application";
		};
		15F1350821FDB23400BDA0C0 /* WatchkitBootcampTests */ = {
			isa = PBXNativeTarget;
			buildConfigurationList = 15F1352021FDB23400BDA0C0 /* Build configuration list for PBXNativeTarget "WatchkitBootcampTests" */;
			buildPhases = (
				15F1350521FDB23400BDA0C0 /* Sources */,
				15F1350621FDB23400BDA0C0 /* Frameworks */,
				15F1350721FDB23400BDA0C0 /* Resources */,
			);
			buildRules = (
			);
			dependencies = (
				15F1350B21FDB23400BDA0C0 /* PBXTargetDependency */,
			);
			name = WatchkitBootcampTests;
			productName = WatchkitBootcampTests;
			productReference = 15F1350921FDB23400BDA0C0 /* WatchkitBootcampTests.xctest */;
			productType = "com.apple.product-type.bundle.unit-test";
		};
		15F1351321FDB23400BDA0C0 /* WatchkitBootcampUITests */ = {
			isa = PBXNativeTarget;
			buildConfigurationList = 15F1352321FDB23400BDA0C0 /* Build configuration list for PBXNativeTarget "WatchkitBootcampUITests" */;
			buildPhases = (
				15F1351021FDB23400BDA0C0 /* Sources */,
				15F1351121FDB23400BDA0C0 /* Frameworks */,
				15F1351221FDB23400BDA0C0 /* Resources */,
			);
			buildRules = (
			);
			dependencies = (
				15F1351621FDB23400BDA0C0 /* PBXTargetDependency */,
			);
			name = WatchkitBootcampUITests;
			productName = WatchkitBootcampUITests;
			productReference = 15F1351421FDB23400BDA0C0 /* WatchkitBootcampUITests.xctest */;
			productType = "com.apple.product-type.bundle.ui-testing";
		};
		15F1352721FDB86B00BDA0C0 /* Bootcamp */ = {
			isa = PBXNativeTarget;
			buildConfigurationList = 15F1354721FDB86C00BDA0C0 /* Build configuration list for PBXNativeTarget "Bootcamp" */;
			buildPhases = (
				15F1352621FDB86B00BDA0C0 /* Resources */,
				15F1354621FDB86C00BDA0C0 /* Embed App Extensions */,
			);
			buildRules = (
			);
			dependencies = (
				15F1353721FDB86C00BDA0C0 /* PBXTargetDependency */,
			);
			name = Bootcamp;
			productName = Bootcamp;
			productReference = 15F1352821FDB86B00BDA0C0 /* Bootcamp.app */;
			productType = "com.apple.product-type.application.watchapp2";
		};
		15F1353321FDB86C00BDA0C0 /* Bootcamp Extension */ = {
			isa = PBXNativeTarget;
			buildConfigurationList = 15F1354321FDB86C00BDA0C0 /* Build configuration list for PBXNativeTarget "Bootcamp Extension" */;
			buildPhases = (
				15F1353021FDB86C00BDA0C0 /* Sources */,
				15F1353121FDB86C00BDA0C0 /* Frameworks */,
				15F1353221FDB86C00BDA0C0 /* Resources */,
			);
			buildRules = (
			);
			dependencies = (
			);
			name = "Bootcamp Extension";
			productName = "Bootcamp Extension";
			productReference = 15F1353421FDB86C00BDA0C0 /* Bootcamp Extension.appex */;
			productType = "com.apple.product-type.watchkit2-extension";
		};
/* End PBXNativeTarget section */

/* Begin PBXProject section */
		15F134EA21FDB23400BDA0C0 /* Project object */ = {
			isa = PBXProject;
			attributes = {
				LastSwiftUpdateCheck = 1000;
				LastUpgradeCheck = 1000;
				ORGANIZATIONNAME = TechCampus;
				TargetAttributes = {
					15F134F121FDB23400BDA0C0 = {
						CreatedOnToolsVersion = 10.0;
					};
					15F1350821FDB23400BDA0C0 = {
						CreatedOnToolsVersion = 10.0;
						TestTargetID = 15F134F121FDB23400BDA0C0;
					};
					15F1351321FDB23400BDA0C0 = {
						CreatedOnToolsVersion = 10.0;
						TestTargetID = 15F134F121FDB23400BDA0C0;
					};
					15F1352721FDB86B00BDA0C0 = {
						CreatedOnToolsVersion = 10.0;
					};
					15F1353321FDB86C00BDA0C0 = {
						CreatedOnToolsVersion = 10.0;
					};
				};
			};
			buildConfigurationList = 15F134ED21FDB23400BDA0C0 /* Build configuration list for PBXProject "WatchkitBootcamp" */;
			compatibilityVersion = "Xcode 9.3";
			developmentRegion = en;
			hasScannedForEncodings = 0;
			knownRegions = (
				en,
				Base,
			);
			mainGroup = 15F134E921FDB23400BDA0C0;
			productRefGroup = 15F134F321FDB23400BDA0C0 /* Products */;
			projectDirPath = "";
			projectRoot = "";
			targets = (
				15F134F121FDB23400BDA0C0 /* WatchkitBootcamp */,
				15F1350821FDB23400BDA0C0 /* WatchkitBootcampTests */,
				15F1351321FDB23400BDA0C0 /* WatchkitBootcampUITests */,
				15F1352721FDB86B00BDA0C0 /* Bootcamp */,
				15F1353321FDB86C00BDA0C0 /* Bootcamp Extension */,
			);
		};
/* End PBXProject section */

/* Begin PBXResourcesBuildPhase section */
		15F134F021FDB23400BDA0C0 /* Resources */ = {
			isa = PBXResourcesBuildPhase;
			buildActionMask = 2147483647;
			files = (
				15F1350321FDB23400BDA0C0 /* LaunchScreen.storyboard in Resources */,
				15F1350021FDB23400BDA0C0 /* Assets.xcassets in Resources */,
				15F134FB21FDB23400BDA0C0 /* Main.storyboard in Resources */,
			);
			runOnlyForDeploymentPostprocessing = 0;
		};
		15F1350721FDB23400BDA0C0 /* Resources */ = {
			isa = PBXResourcesBuildPhase;
			buildActionMask = 2147483647;
			files = (
			);
			runOnlyForDeploymentPostprocessing = 0;
		};
		15F1351221FDB23400BDA0C0 /* Resources */ = {
			isa = PBXResourcesBuildPhase;
			buildActionMask = 2147483647;
			files = (
			);
			runOnlyForDeploymentPostprocessing = 0;
		};
		15F1352621FDB86B00BDA0C0 /* Resources */ = {
			isa = PBXResourcesBuildPhase;
			buildActionMask = 2147483647;
			files = (
				15F1352E21FDB86C00BDA0C0 /* Assets.xcassets in Resources */,
				15F1352C21FDB86B00BDA0C0 /* Interface.storyboard in Resources */,
			);
			runOnlyForDeploymentPostprocessing = 0;
		};
		15F1353221FDB86C00BDA0C0 /* Resources */ = {
			isa = PBXResourcesBuildPhase;
			buildActionMask = 2147483647;
			files = (
				15F1353E21FDB86C00BDA0C0 /* Assets.xcassets in Resources */,
			);
			runOnlyForDeploymentPostprocessing = 0;
		};
/* End PBXResourcesBuildPhase section */

/* Begin PBXSourcesBuildPhase section */
		15F134EE21FDB23400BDA0C0 /* Sources */ = {
			isa = PBXSourcesBuildPhase;
			buildActionMask = 2147483647;
			files = (
				15F134FE21FDB23400BDA0C0 /* WatchkitBootcamp.xcdatamodeld in Sources */,
				15F134F821FDB23400BDA0C0 /* ViewController.swift in Sources */,
				15F134F621FDB23400BDA0C0 /* AppDelegate.swift in Sources */,
			);
			runOnlyForDeploymentPostprocessing = 0;
		};
		15F1350521FDB23400BDA0C0 /* Sources */ = {
			isa = PBXSourcesBuildPhase;
			buildActionMask = 2147483647;
			files = (
				15F1350E21FDB23400BDA0C0 /* WatchkitBootcampTests.swift in Sources */,
			);
			runOnlyForDeploymentPostprocessing = 0;
		};
		15F1351021FDB23400BDA0C0 /* Sources */ = {
			isa = PBXSourcesBuildPhase;
			buildActionMask = 2147483647;
			files = (
				15F1351921FDB23400BDA0C0 /* WatchkitBootcampUITests.swift in Sources */,
			);
			runOnlyForDeploymentPostprocessing = 0;
		};
		15F1353021FDB86C00BDA0C0 /* Sources */ = {
			isa = PBXSourcesBuildPhase;
			buildActionMask = 2147483647;
			files = (
				15F1353C21FDB86C00BDA0C0 /* ExtensionDelegate.swift in Sources */,
				15F1353A21FDB86C00BDA0C0 /* InterfaceController.swift in Sources */,
				15F1355221FDC2F700BDA0C0 /* DetailedInterfaceController.swift in Sources */,
				15F1355421FDC7BB00BDA0C0 /* CountryRow.swift in Sources */,
			);
			runOnlyForDeploymentPostprocessing = 0;
		};
/* End PBXSourcesBuildPhase section */

/* Begin PBXTargetDependency section */
		15F1350B21FDB23400BDA0C0 /* PBXTargetDependency */ = {
			isa = PBXTargetDependency;
			target = 15F134F121FDB23400BDA0C0 /* WatchkitBootcamp */;
			targetProxy = 15F1350A21FDB23400BDA0C0 /* PBXContainerItemProxy */;
		};
		15F1351621FDB23400BDA0C0 /* PBXTargetDependency */ = {
			isa = PBXTargetDependency;
			target = 15F134F121FDB23400BDA0C0 /* WatchkitBootcamp */;
			targetProxy = 15F1351521FDB23400BDA0C0 /* PBXContainerItemProxy */;
		};
		15F1353721FDB86C00BDA0C0 /* PBXTargetDependency */ = {
			isa = PBXTargetDependency;
			target = 15F1353321FDB86C00BDA0C0 /* Bootcamp Extension */;
			targetProxy = 15F1353621FDB86C00BDA0C0 /* PBXContainerItemProxy */;
		};
		15F1354121FDB86C00BDA0C0 /* PBXTargetDependency */ = {
			isa = PBXTargetDependency;
			target = 15F1352721FDB86B00BDA0C0 /* Bootcamp */;
			targetProxy = 15F1354021FDB86C00BDA0C0 /* PBXContainerItemProxy */;
		};
/* End PBXTargetDependency section */

/* Begin PBXVariantGroup section */
		15F134F921FDB23400BDA0C0 /* Main.storyboard */ = {
			isa = PBXVariantGroup;
			children = (
				15F134FA21FDB23400BDA0C0 /* Base */,
			);
			name = Main.storyboard;
			sourceTree = "<group>";
		};
		15F1350121FDB23400BDA0C0 /* LaunchScreen.storyboard */ = {
			isa = PBXVariantGroup;
			children = (
				15F1350221FDB23400BDA0C0 /* Base */,
			);
			name = LaunchScreen.storyboard;
			sourceTree = "<group>";
		};
		15F1352A21FDB86B00BDA0C0 /* Interface.storyboard */ = {
			isa = PBXVariantGroup;
			children = (
				15F1352B21FDB86B00BDA0C0 /* Base */,
			);
			name = Interface.storyboard;
			sourceTree = "<group>";
		};
/* End PBXVariantGroup section */

/* Begin XCBuildConfiguration section */
		15F1351B21FDB23400BDA0C0 /* Debug */ = {
			isa = XCBuildConfiguration;
			buildSettings = {
				ALWAYS_SEARCH_USER_PATHS = NO;
				CLANG_ANALYZER_NONNULL = YES;
				CLANG_ANALYZER_NUMBER_OBJECT_CONVERSION = YES_AGGRESSIVE;
				CLANG_CXX_LANGUAGE_STANDARD = "gnu++14";
				CLANG_CXX_LIBRARY = "libc++";
				CLANG_ENABLE_MODULES = YES;
				CLANG_ENABLE_OBJC_ARC = YES;
				CLANG_ENABLE_OBJC_WEAK = YES;
				CLANG_WARN_BLOCK_CAPTURE_AUTORELEASING = YES;
				CLANG_WARN_BOOL_CONVERSION = YES;
				CLANG_WARN_COMMA = YES;
				CLANG_WARN_CONSTANT_CONVERSION = YES;
				CLANG_WARN_DEPRECATED_OBJC_IMPLEMENTATIONS = YES;
				CLANG_WARN_DIRECT_OBJC_ISA_USAGE = YES_ERROR;
				CLANG_WARN_DOCUMENTATION_COMMENTS = YES;
				CLANG_WARN_EMPTY_BODY = YES;
				CLANG_WARN_ENUM_CONVERSION = YES;
				CLANG_WARN_INFINITE_RECURSION = YES;
				CLANG_WARN_INT_CONVERSION = YES;
				CLANG_WARN_NON_LITERAL_NULL_CONVERSION = YES;
				CLANG_WARN_OBJC_IMPLICIT_RETAIN_SELF = YES;
				CLANG_WARN_OBJC_LITERAL_CONVERSION = YES;
				CLANG_WARN_OBJC_ROOT_CLASS = YES_ERROR;
				CLANG_WARN_RANGE_LOOP_ANALYSIS = YES;
				CLANG_WARN_STRICT_PROTOTYPES = YES;
				CLANG_WARN_SUSPICIOUS_MOVE = YES;
				CLANG_WARN_UNGUARDED_AVAILABILITY = YES_AGGRESSIVE;
				CLANG_WARN_UNREACHABLE_CODE = YES;
				CLANG_WARN__DUPLICATE_METHOD_MATCH = YES;
				CODE_SIGN_IDENTITY = "iPhone Developer";
				COPY_PHASE_STRIP = NO;
				DEBUG_INFORMATION_FORMAT = dwarf;
				ENABLE_STRICT_OBJC_MSGSEND = YES;
				ENABLE_TESTABILITY = YES;
				GCC_C_LANGUAGE_STANDARD = gnu11;
				GCC_DYNAMIC_NO_PIC = NO;
				GCC_NO_COMMON_BLOCKS = YES;
				GCC_OPTIMIZATION_LEVEL = 0;
				GCC_PREPROCESSOR_DEFINITIONS = (
					"DEBUG=1",
					"$(inherited)",
				);
				GCC_WARN_64_TO_32_BIT_CONVERSION = YES;
				GCC_WARN_ABOUT_RETURN_TYPE = YES_ERROR;
				GCC_WARN_UNDECLARED_SELECTOR = YES;
				GCC_WARN_UNINITIALIZED_AUTOS = YES_AGGRESSIVE;
				GCC_WARN_UNUSED_FUNCTION = YES;
				GCC_WARN_UNUSED_VARIABLE = YES;
				IPHONEOS_DEPLOYMENT_TARGET = 12.0;
				MTL_ENABLE_DEBUG_INFO = INCLUDE_SOURCE;
				MTL_FAST_MATH = YES;
				ONLY_ACTIVE_ARCH = YES;
				SDKROOT = iphoneos;
				SWIFT_ACTIVE_COMPILATION_CONDITIONS = DEBUG;
				SWIFT_OPTIMIZATION_LEVEL = "-Onone";
			};
			name = Debug;
		};
		15F1351C21FDB23400BDA0C0 /* Release */ = {
			isa = XCBuildConfiguration;
			buildSettings = {
				ALWAYS_SEARCH_USER_PATHS = NO;
				CLANG_ANALYZER_NONNULL = YES;
				CLANG_ANALYZER_NUMBER_OBJECT_CONVERSION = YES_AGGRESSIVE;
				CLANG_CXX_LANGUAGE_STANDARD = "gnu++14";
				CLANG_CXX_LIBRARY = "libc++";
				CLANG_ENABLE_MODULES = YES;
				CLANG_ENABLE_OBJC_ARC = YES;
				CLANG_ENABLE_OBJC_WEAK = YES;
				CLANG_WARN_BLOCK_CAPTURE_AUTORELEASING = YES;
				CLANG_WARN_BOOL_CONVERSION = YES;
				CLANG_WARN_COMMA = YES;
				CLANG_WARN_CONSTANT_CONVERSION = YES;
				CLANG_WARN_DEPRECATED_OBJC_IMPLEMENTATIONS = YES;
				CLANG_WARN_DIRECT_OBJC_ISA_USAGE = YES_ERROR;
				CLANG_WARN_DOCUMENTATION_COMMENTS = YES;
				CLANG_WARN_EMPTY_BODY = YES;
				CLANG_WARN_ENUM_CONVERSION = YES;
				CLANG_WARN_INFINITE_RECURSION = YES;
				CLANG_WARN_INT_CONVERSION = YES;
				CLANG_WARN_NON_LITERAL_NULL_CONVERSION = YES;
				CLANG_WARN_OBJC_IMPLICIT_RETAIN_SELF = YES;
				CLANG_WARN_OBJC_LITERAL_CONVERSION = YES;
				CLANG_WARN_OBJC_ROOT_CLASS = YES_ERROR;
				CLANG_WARN_RANGE_LOOP_ANALYSIS = YES;
				CLANG_WARN_STRICT_PROTOTYPES = YES;
				CLANG_WARN_SUSPICIOUS_MOVE = YES;
				CLANG_WARN_UNGUARDED_AVAILABILITY = YES_AGGRESSIVE;
				CLANG_WARN_UNREACHABLE_CODE = YES;
				CLANG_WARN__DUPLICATE_METHOD_MATCH = YES;
				CODE_SIGN_IDENTITY = "iPhone Developer";
				COPY_PHASE_STRIP = NO;
				DEBUG_INFORMATION_FORMAT = "dwarf-with-dsym";
				ENABLE_NS_ASSERTIONS = NO;
				ENABLE_STRICT_OBJC_MSGSEND = YES;
				GCC_C_LANGUAGE_STANDARD = gnu11;
				GCC_NO_COMMON_BLOCKS = YES;
				GCC_WARN_64_TO_32_BIT_CONVERSION = YES;
				GCC_WARN_ABOUT_RETURN_TYPE = YES_ERROR;
				GCC_WARN_UNDECLARED_SELECTOR = YES;
				GCC_WARN_UNINITIALIZED_AUTOS = YES_AGGRESSIVE;
				GCC_WARN_UNUSED_FUNCTION = YES;
				GCC_WARN_UNUSED_VARIABLE = YES;
				IPHONEOS_DEPLOYMENT_TARGET = 12.0;
				MTL_ENABLE_DEBUG_INFO = NO;
				MTL_FAST_MATH = YES;
				SDKROOT = iphoneos;
				SWIFT_COMPILATION_MODE = wholemodule;
				SWIFT_OPTIMIZATION_LEVEL = "-O";
				VALIDATE_PRODUCT = YES;
			};
			name = Release;
		};
		15F1351E21FDB23400BDA0C0 /* Debug */ = {
			isa = XCBuildConfiguration;
			buildSettings = {
				ASSETCATALOG_COMPILER_APPICON_NAME = AppIcon;
				CODE_SIGN_STYLE = Automatic;
				DEVELOPMENT_TEAM = UR64E8K793;
				INFOPLIST_FILE = WatchkitBootcamp/Info.plist;
				LD_RUNPATH_SEARCH_PATHS = (
					"$(inherited)",
					"@executable_path/Frameworks",
				);
				PRODUCT_BUNDLE_IDENTIFIER = razan.WatchkitBootcamp;
				PRODUCT_NAME = "$(TARGET_NAME)";
				SWIFT_VERSION = 4.2;
				TARGETED_DEVICE_FAMILY = "1,2";
			};
			name = Debug;
		};
		15F1351F21FDB23400BDA0C0 /* Release */ = {
			isa = XCBuildConfiguration;
			buildSettings = {
				ASSETCATALOG_COMPILER_APPICON_NAME = AppIcon;
				CODE_SIGN_STYLE = Automatic;
				DEVELOPMENT_TEAM = UR64E8K793;
				INFOPLIST_FILE = WatchkitBootcamp/Info.plist;
				LD_RUNPATH_SEARCH_PATHS = (
					"$(inherited)",
					"@executable_path/Frameworks",
				);
				PRODUCT_BUNDLE_IDENTIFIER = razan.WatchkitBootcamp;
				PRODUCT_NAME = "$(TARGET_NAME)";
				SWIFT_VERSION = 4.2;
				TARGETED_DEVICE_FAMILY = "1,2";
			};
			name = Release;
		};
		15F1352121FDB23400BDA0C0 /* Debug */ = {
			isa = XCBuildConfiguration;
			buildSettings = {
				ALWAYS_EMBED_SWIFT_STANDARD_LIBRARIES = YES;
				BUNDLE_LOADER = "$(TEST_HOST)";
				CODE_SIGN_STYLE = Automatic;
				DEVELOPMENT_TEAM = UR64E8K793;
				INFOPLIST_FILE = WatchkitBootcampTests/Info.plist;
				LD_RUNPATH_SEARCH_PATHS = (
					"$(inherited)",
					"@executable_path/Frameworks",
					"@loader_path/Frameworks",
				);
				PRODUCT_BUNDLE_IDENTIFIER = razan.WatchkitBootcampTests;
				PRODUCT_NAME = "$(TARGET_NAME)";
				SWIFT_VERSION = 4.2;
				TARGETED_DEVICE_FAMILY = "1,2";
				TEST_HOST = "$(BUILT_PRODUCTS_DIR)/WatchkitBootcamp.app/WatchkitBootcamp";
			};
			name = Debug;
		};
		15F1352221FDB23400BDA0C0 /* Release */ = {
			isa = XCBuildConfiguration;
			buildSettings = {
				ALWAYS_EMBED_SWIFT_STANDARD_LIBRARIES = YES;
				BUNDLE_LOADER = "$(TEST_HOST)";
				CODE_SIGN_STYLE = Automatic;
				DEVELOPMENT_TEAM = UR64E8K793;
				INFOPLIST_FILE = WatchkitBootcampTests/Info.plist;
				LD_RUNPATH_SEARCH_PATHS = (
					"$(inherited)",
					"@executable_path/Frameworks",
					"@loader_path/Frameworks",
				);
				PRODUCT_BUNDLE_IDENTIFIER = razan.WatchkitBootcampTests;
				PRODUCT_NAME = "$(TARGET_NAME)";
				SWIFT_VERSION = 4.2;
				TARGETED_DEVICE_FAMILY = "1,2";
				TEST_HOST = "$(BUILT_PRODUCTS_DIR)/WatchkitBootcamp.app/WatchkitBootcamp";
			};
			name = Release;
		};
		15F1352421FDB23400BDA0C0 /* Debug */ = {
			isa = XCBuildConfiguration;
			buildSettings = {
				ALWAYS_EMBED_SWIFT_STANDARD_LIBRARIES = YES;
				CODE_SIGN_STYLE = Automatic;
				DEVELOPMENT_TEAM = UR64E8K793;
				INFOPLIST_FILE = WatchkitBootcampUITests/Info.plist;
				LD_RUNPATH_SEARCH_PATHS = (
					"$(inherited)",
					"@executable_path/Frameworks",
					"@loader_path/Frameworks",
				);
				PRODUCT_BUNDLE_IDENTIFIER = razan.WatchkitBootcampUITests;
				PRODUCT_NAME = "$(TARGET_NAME)";
				SWIFT_VERSION = 4.2;
				TARGETED_DEVICE_FAMILY = "1,2";
				TEST_TARGET_NAME = WatchkitBootcamp;
			};
			name = Debug;
		};
		15F1352521FDB23400BDA0C0 /* Release */ = {
			isa = XCBuildConfiguration;
			buildSettings = {
				ALWAYS_EMBED_SWIFT_STANDARD_LIBRARIES = YES;
				CODE_SIGN_STYLE = Automatic;
				DEVELOPMENT_TEAM = UR64E8K793;
				INFOPLIST_FILE = WatchkitBootcampUITests/Info.plist;
				LD_RUNPATH_SEARCH_PATHS = (
					"$(inherited)",
					"@executable_path/Frameworks",
					"@loader_path/Frameworks",
				);
				PRODUCT_BUNDLE_IDENTIFIER = razan.WatchkitBootcampUITests;
				PRODUCT_NAME = "$(TARGET_NAME)";
				SWIFT_VERSION = 4.2;
				TARGETED_DEVICE_FAMILY = "1,2";
				TEST_TARGET_NAME = WatchkitBootcamp;
			};
			name = Release;
		};
		15F1354421FDB86C00BDA0C0 /* Debug */ = {
			isa = XCBuildConfiguration;
			buildSettings = {
				ASSETCATALOG_COMPILER_COMPLICATION_NAME = Complication;
				CODE_SIGN_STYLE = Automatic;
				DEVELOPMENT_TEAM = UR64E8K793;
				INFOPLIST_FILE = "Bootcamp Extension/Info.plist";
				LD_RUNPATH_SEARCH_PATHS = (
					"$(inherited)",
					"@executable_path/Frameworks",
					"@executable_path/../../Frameworks",
				);
				PRODUCT_BUNDLE_IDENTIFIER = razan.WatchkitBootcamp.watchkitapp.watchkitextension;
				PRODUCT_NAME = "${TARGET_NAME}";
				SDKROOT = watchos;
				SKIP_INSTALL = YES;
				SWIFT_VERSION = 4.2;
				TARGETED_DEVICE_FAMILY = 4;
				WATCHOS_DEPLOYMENT_TARGET = 5.0;
			};
			name = Debug;
		};
		15F1354521FDB86C00BDA0C0 /* Release */ = {
			isa = XCBuildConfiguration;
			buildSettings = {
				ASSETCATALOG_COMPILER_COMPLICATION_NAME = Complication;
				CODE_SIGN_STYLE = Automatic;
				DEVELOPMENT_TEAM = UR64E8K793;
				INFOPLIST_FILE = "Bootcamp Extension/Info.plist";
				LD_RUNPATH_SEARCH_PATHS = (
					"$(inherited)",
					"@executable_path/Frameworks",
					"@executable_path/../../Frameworks",
				);
				PRODUCT_BUNDLE_IDENTIFIER = razan.WatchkitBootcamp.watchkitapp.watchkitextension;
				PRODUCT_NAME = "${TARGET_NAME}";
				SDKROOT = watchos;
				SKIP_INSTALL = YES;
				SWIFT_VERSION = 4.2;
				TARGETED_DEVICE_FAMILY = 4;
				WATCHOS_DEPLOYMENT_TARGET = 5.0;
			};
			name = Release;
		};
		15F1354821FDB86C00BDA0C0 /* Debug */ = {
			isa = XCBuildConfiguration;
			buildSettings = {
				ALWAYS_EMBED_SWIFT_STANDARD_LIBRARIES = YES;
				ASSETCATALOG_COMPILER_APPICON_NAME = AppIcon;
				CODE_SIGN_STYLE = Automatic;
				DEVELOPMENT_TEAM = UR64E8K793;
				IBSC_MODULE = Bootcamp_Extension;
				INFOPLIST_FILE = Bootcamp/Info.plist;
				PRODUCT_BUNDLE_IDENTIFIER = razan.WatchkitBootcamp.watchkitapp;
				PRODUCT_NAME = "$(TARGET_NAME)";
				SDKROOT = watchos;
				SKIP_INSTALL = YES;
				SWIFT_VERSION = 4.2;
				TARGETED_DEVICE_FAMILY = 4;
				WATCHOS_DEPLOYMENT_TARGET = 5.0;
			};
			name = Debug;
		};
		15F1354921FDB86C00BDA0C0 /* Release */ = {
			isa = XCBuildConfiguration;
			buildSettings = {
				ALWAYS_EMBED_SWIFT_STANDARD_LIBRARIES = YES;
				ASSETCATALOG_COMPILER_APPICON_NAME = AppIcon;
				CODE_SIGN_STYLE = Automatic;
				DEVELOPMENT_TEAM = UR64E8K793;
				IBSC_MODULE = Bootcamp_Extension;
				INFOPLIST_FILE = Bootcamp/Info.plist;
				PRODUCT_BUNDLE_IDENTIFIER = razan.WatchkitBootcamp.watchkitapp;
				PRODUCT_NAME = "$(TARGET_NAME)";
				SDKROOT = watchos;
				SKIP_INSTALL = YES;
				SWIFT_VERSION = 4.2;
				TARGETED_DEVICE_FAMILY = 4;
				WATCHOS_DEPLOYMENT_TARGET = 5.0;
			};
			name = Release;
		};
/* End XCBuildConfiguration section */

/* Begin XCConfigurationList section */
		15F134ED21FDB23400BDA0C0 /* Build configuration list for PBXProject "WatchkitBootcamp" */ = {
			isa = XCConfigurationList;
			buildConfigurations = (
				15F1351B21FDB23400BDA0C0 /* Debug */,
				15F1351C21FDB23400BDA0C0 /* Release */,
			);
			defaultConfigurationIsVisible = 0;
			defaultConfigurationName = Release;
		};
		15F1351D21FDB23400BDA0C0 /* Build configuration list for PBXNativeTarget "WatchkitBootcamp" */ = {
			isa = XCConfigurationList;
			buildConfigurations = (
				15F1351E21FDB23400BDA0C0 /* Debug */,
				15F1351F21FDB23400BDA0C0 /* Release */,
			);
			defaultConfigurationIsVisible = 0;
			defaultConfigurationName = Release;
		};
		15F1352021FDB23400BDA0C0 /* Build configuration list for PBXNativeTarget "WatchkitBootcampTests" */ = {
			isa = XCConfigurationList;
			buildConfigurations = (
				15F1352121FDB23400BDA0C0 /* Debug */,
				15F1352221FDB23400BDA0C0 /* Release */,
			);
			defaultConfigurationIsVisible = 0;
			defaultConfigurationName = Release;
		};
		15F1352321FDB23400BDA0C0 /* Build configuration list for PBXNativeTarget "WatchkitBootcampUITests" */ = {
			isa = XCConfigurationList;
			buildConfigurations = (
				15F1352421FDB23400BDA0C0 /* Debug */,
				15F1352521FDB23400BDA0C0 /* Release */,
			);
			defaultConfigurationIsVisible = 0;
			defaultConfigurationName = Release;
		};
		15F1354321FDB86C00BDA0C0 /* Build configuration list for PBXNativeTarget "Bootcamp Extension" */ = {
			isa = XCConfigurationList;
			buildConfigurations = (
				15F1354421FDB86C00BDA0C0 /* Debug */,
				15F1354521FDB86C00BDA0C0 /* Release */,
			);
			defaultConfigurationIsVisible = 0;
			defaultConfigurationName = Release;
		};
		15F1354721FDB86C00BDA0C0 /* Build configuration list for PBXNativeTarget "Bootcamp" */ = {
			isa = XCConfigurationList;
			buildConfigurations = (
				15F1354821FDB86C00BDA0C0 /* Debug */,
				15F1354921FDB86C00BDA0C0 /* Release */,
			);
			defaultConfigurationIsVisible = 0;
			defaultConfigurationName = Release;
		};
/* End XCConfigurationList section */

/* Begin XCVersionGroup section */
		15F134FC21FDB23400BDA0C0 /* WatchkitBootcamp.xcdatamodeld */ = {
			isa = XCVersionGroup;
			children = (
				15F134FD21FDB23400BDA0C0 /* WatchkitBootcamp.xcdatamodel */,
			);
			currentVersion = 15F134FD21FDB23400BDA0C0 /* WatchkitBootcamp.xcdatamodel */;
			path = WatchkitBootcamp.xcdatamodeld;
			sourceTree = "<group>";
			versionGroupType = wrapper.xcdatamodel;
		};
/* End XCVersionGroup section */
	};
	rootObject = 15F134EA21FDB23400BDA0C0 /* Project object */;
}
